// !$*UTF8*$!
{
	archiveVersion = 1;
	classes = {
	};
	objectVersion = 46;
	objects = {

/* Begin PBXBuildFile section */
		2AA874C21A6C33DD00313F6D /* AppDelegate.swift in Sources */ = {isa = PBXBuildFile; fileRef = 2AA874C11A6C33DD00313F6D /* AppDelegate.swift */; };
		2AA874C41A6C33DD00313F6D /* ViewController.swift in Sources */ = {isa = PBXBuildFile; fileRef = 2AA874C31A6C33DD00313F6D /* ViewController.swift */; };
		2AA874C71A6C33DD00313F6D /* Main.storyboard in Resources */ = {isa = PBXBuildFile; fileRef = 2AA874C51A6C33DD00313F6D /* Main.storyboard */; };
		2AA874C91A6C33DD00313F6D /* Images.xcassets in Resources */ = {isa = PBXBuildFile; fileRef = 2AA874C81A6C33DD00313F6D /* Images.xcassets */; };
		2AA874CC1A6C33DD00313F6D /* LaunchScreen.xib in Resources */ = {isa = PBXBuildFile; fileRef = 2AA874CA1A6C33DD00313F6D /* LaunchScreen.xib */; };
		2AA874D81A6C33DD00313F6D /* ToDoListTests.swift in Sources */ = {isa = PBXBuildFile; fileRef = 2AA874D71A6C33DD00313F6D /* ToDoListTests.swift */; };
/* End PBXBuildFile section */

/* Begin PBXContainerItemProxy section */
		2AA874D21A6C33DD00313F6D /* PBXContainerItemProxy */ = {
			isa = PBXContainerItemProxy;
			containerPortal = 2AA874B41A6C33DD00313F6D /* Project object */;
			proxyType = 1;
			remoteGlobalIDString = 2AA874BB1A6C33DD00313F6D;
			remoteInfo = ToDoList;
		};
/* End PBXContainerItemProxy section */

/* Begin PBXFileReference section */
		2AA874BC1A6C33DD00313F6D /* ToDoList.app */ = {isa = PBXFileReference; explicitFileType = wrapper.application; includeInIndex = 0; path = ToDoList.app; sourceTree = BUILT_PRODUCTS_DIR; };
		2AA874C01A6C33DD00313F6D /* Info.plist */ = {isa = PBXFileReference; lastKnownFileType = text.plist.xml; path = Info.plist; sourceTree = "<group>"; };
		2AA874C11A6C33DD00313F6D /* AppDelegate.swift */ = {isa = PBXFileReference; lastKnownFileType = sourcecode.swift; path = AppDelegate.swift; sourceTree = "<group>"; };
		2AA874C31A6C33DD00313F6D /* ViewController.swift */ = {isa = PBXFileReference; lastKnownFileType = sourcecode.swift; path = ViewController.swift; sourceTree = "<group>"; };
		2AA874C61A6C33DD00313F6D /* Base */ = {isa = PBXFileReference; lastKnownFileType = file.storyboard; name = Base; path = Base.lproj/Main.storyboard; sourceTree = "<group>"; };
		2AA874C81A6C33DD00313F6D /* Images.xcassets */ = {isa = PBXFileReference; lastKnownFileType = folder.assetcatalog; path = Images.xcassets; sourceTree = "<group>"; };
		2AA874CB1A6C33DD00313F6D /* Base */ = {isa = PBXFileReference; lastKnownFileType = file.xib; name = Base; path = Base.lproj/LaunchScreen.xib; sourceTree = "<group>"; };
		2AA874D11A6C33DD00313F6D /* ToDoListTests.xctest */ = {isa = PBXFileReference; explicitFileType = wrapper.cfbundle; includeInIndex = 0; path = ToDoListTests.xctest; sourceTree = BUILT_PRODUCTS_DIR; };
		2AA874D61A6C33DD00313F6D /* Info.plist */ = {isa = PBXFileReference; lastKnownFileType = text.plist.xml; path = Info.plist; sourceTree = "<group>"; };
		2AA874D71A6C33DD00313F6D /* ToDoListTests.swift */ = {isa = PBXFileReference; lastKnownFileType = sourcecode.swift; path = ToDoListTests.swift; sourceTree = "<group>"; };
/* End PBXFileReference section */

/* Begin PBXFrameworksBuildPhase section */
		2AA874B91A6C33DD00313F6D /* Frameworks */ = {
			isa = PBXFrameworksBuildPhase;
			buildActionMask = 2147483647;
			files = (
			);
			runOnlyForDeploymentPostprocessing = 0;
		};
		2AA874CE1A6C33DD00313F6D /* Frameworks */ = {
			isa = PBXFrameworksBuildPhase;
			buildActionMask = 2147483647;
			files = (
			);
			runOnlyForDeploymentPostprocessing = 0;
		};
/* End PBXFrameworksBuildPhase section */

/* Begin PBXGroup section */
		2AA874B31A6C33DD00313F6D = {
			isa = PBXGroup;
			children = (
				2AA874BE1A6C33DD00313F6D /* ToDoList */,
				2AA874D41A6C33DD00313F6D /* ToDoListTests */,
				2AA874BD1A6C33DD00313F6D /* Products */,
			);
			sourceTree = "<group>";
		};
		2AA874BD1A6C33DD00313F6D /* Products */ = {
			isa = PBXGroup;
			children = (
				2AA874BC1A6C33DD00313F6D /* ToDoList.app */,
				2AA874D11A6C33DD00313F6D /* ToDoListTests.xctest */,
			);
			name = Products;
			sourceTree = "<group>";
		};
		2AA874BE1A6C33DD00313F6D /* ToDoList */ = {
			isa = PBXGroup;
			children = (
				2AA874C11A6C33DD00313F6D /* AppDelegate.swift */,
				2AA874C31A6C33DD00313F6D /* ViewController.swift */,
				2AA874C51A6C33DD00313F6D /* Main.storyboard */,
				2AA874C81A6C33DD00313F6D /* Images.xcassets */,
				2AA874CA1A6C33DD00313F6D /* LaunchScreen.xib */,
				2AA874BF1A6C33DD00313F6D /* Supporting Files */,
			);
			path = ToDoList;
			sourceTree = "<group>";
		};
		2AA874BF1A6C33DD00313F6D /* Supporting Files */ = {
			isa = PBXGroup;
			children = (
				2AA874C01A6C33DD00313F6D /* Info.plist */,
			);
			name = "Supporting Files";
			sourceTree = "<group>";
		};
		2AA874D41A6C33DD00313F6D /* ToDoListTests */ = {
			isa = PBXGroup;
			children = (
				2AA874D71A6C33DD00313F6D /* ToDoListTests.swift */,
				2AA874D51A6C33DD00313F6D /* Supporting Files */,
			);
			path = ToDoListTests;
			sourceTree = "<group>";
		};
		2AA874D51A6C33DD00313F6D /* Supporting Files */ = {
			isa = PBXGroup;
			children = (
				2AA874D61A6C33DD00313F6D /* Info.plist */,
			);
			name = "Supporting Files";
			sourceTree = "<group>";
		};
/* End PBXGroup section */

/* Begin PBXNativeTarget section */
		2AA874BB1A6C33DD00313F6D /* ToDoList */ = {
			isa = PBXNativeTarget;
			buildConfigurationList = 2AA874DB1A6C33DD00313F6D /* Build configuration list for PBXNativeTarget "ToDoList" */;
			buildPhases = (
				2AA874B81A6C33DD00313F6D /* Sources */,
				2AA874B91A6C33DD00313F6D /* Frameworks */,
				2AA874BA1A6C33DD00313F6D /* Resources */,
			);
			buildRules = (
			);
			dependencies = (
			);
			name = ToDoList;
			productName = ToDoList;
			productReference = 2AA874BC1A6C33DD00313F6D /* ToDoList.app */;
			productType = "com.apple.product-type.application";
		};
		2AA874D01A6C33DD00313F6D /* ToDoListTests */ = {
			isa = PBXNativeTarget;
			buildConfigurationList = 2AA874DE1A6C33DD00313F6D /* Build configuration list for PBXNativeTarget "ToDoListTests" */;
			buildPhases = (
				2AA874CD1A6C33DD00313F6D /* Sources */,
				2AA874CE1A6C33DD00313F6D /* Frameworks */,
				2AA874CF1A6C33DD00313F6D /* Resources */,
			);
			buildRules = (
			);
			dependencies = (
				2AA874D31A6C33DD00313F6D /* PBXTargetDependency */,
			);
			name = ToDoListTests;
			productName = ToDoListTests;
			productReference = 2AA874D11A6C33DD00313F6D /* ToDoListTests.xctest */;
			productType = "com.apple.product-type.bundle.unit-test";
		};
/* End PBXNativeTarget section */

/* Begin PBXProject section */
		2AA874B41A6C33DD00313F6D /* Project object */ = {
			isa = PBXProject;
			attributes = {
				LastUpgradeCheck = 0610;
				ORGANIZATIONNAME = Prankster;
				TargetAttributes = {
					2AA874BB1A6C33DD00313F6D = {
						CreatedOnToolsVersion = 6.1.1;
					};
					2AA874D01A6C33DD00313F6D = {
						CreatedOnToolsVersion = 6.1.1;
						TestTargetID = 2AA874BB1A6C33DD00313F6D;
					};
				};
			};
			buildConfigurationList = 2AA874B71A6C33DD00313F6D /* Build configuration list for PBXProject "ToDoList" */;
			compatibilityVersion = "Xcode 3.2";
			developmentRegion = English;
			hasScannedForEncodings = 0;
			knownRegions = (
				en,
				Base,
			);
			mainGroup = 2AA874B31A6C33DD00313F6D;
			productRefGroup = 2AA874BD1A6C33DD00313F6D /* Products */;
			projectDirPath = "";
			projectRoot = "";
			targets = (
				2AA874BB1A6C33DD00313F6D /* ToDoList */,
				2AA874D01A6C33DD00313F6D /* ToDoListTests */,
			);
		};
/* End PBXProject section */

/* Begin PBXResourcesBuildPhase section */
		2AA874BA1A6C33DD00313F6D /* Resources */ = {
			isa = PBXResourcesBuildPhase;
			buildActionMask = 2147483647;
			files = (
				2AA874C71A6C33DD00313F6D /* Main.storyboard in Resources */,
				2AA874CC1A6C33DD00313F6D /* LaunchScreen.xib in Resources */,
				2AA874C91A6C33DD00313F6D /* Images.xcassets in Resources */,
			);
			runOnlyForDeploymentPostprocessing = 0;
		};
		2AA874CF1A6C33DD00313F6D /* Resources */ = {
			isa = PBXResourcesBuildPhase;
			buildActionMask = 2147483647;
			files = (
			);
			runOnlyForDeploymentPostprocessing = 0;
		};
/* End PBXResourcesBuildPhase section */

/* Begin PBXSourcesBuildPhase section */
		2AA874B81A6C33DD00313F6D /* Sources */ = {
			isa = PBXSourcesBuildPhase;
			buildActionMask = 2147483647;
			files = (
				2AA874C41A6C33DD00313F6D /* ViewController.swift in Sources */,
				2AA874C21A6C33DD00313F6D /* AppDelegate.swift in Sources */,
			);
			runOnlyForDeploymentPostprocessing = 0;
		};
		2AA874CD1A6C33DD00313F6D /* Sources */ = {
			isa = PBXSourcesBuildPhase;
			buildActionMask = 2147483647;
			files = (
				2AA874D81A6C33DD00313F6D /* ToDoListTests.swift in Sources */,
			);
			runOnlyForDeploymentPostprocessing = 0;
		};
/* End PBXSourcesBuildPhase section */

/* Begin PBXTargetDependency section */
		2AA874D31A6C33DD00313F6D /* PBXTargetDependency */ = {
			isa = PBXTargetDependency;
			target = 2AA874BB1A6C33DD00313F6D /* ToDoList */;
			targetProxy = 2AA874D21A6C33DD00313F6D /* PBXContainerItemProxy */;
		};
/* End PBXTargetDependency section */

/* Begin PBXVariantGroup section */
		2AA874C51A6C33DD00313F6D /* Main.storyboard */ = {
			isa = PBXVariantGroup;
			children = (
				2AA874C61A6C33DD00313F6D /* Base */,
			);
			name = Main.storyboard;
			sourceTree = "<group>";
		};
		2AA874CA1A6C33DD00313F6D /* LaunchScreen.xib */ = {
			isa = PBXVariantGroup;
			children = (
				2AA874CB1A6C33DD00313F6D /* Base */,
			);
			name = LaunchScreen.xib;
			sourceTree = "<group>";
		};
/* End PBXVariantGroup section */

/* Begin XCBuildConfiguration section */
		2AA874D91A6C33DD00313F6D /* Debug */ = {
			isa = XCBuildConfiguration;
			buildSettings = {
				ALWAYS_SEARCH_USER_PATHS = NO;
				CLANG_CXX_LANGUAGE_STANDARD = "gnu++0x";
				CLANG_CXX_LIBRARY = "libc++";
				CLANG_ENABLE_MODULES = YES;
				CLANG_ENABLE_OBJC_ARC = YES;
				CLANG_WARN_BOOL_CONVERSION = YES;
				CLANG_WARN_CONSTANT_CONVERSION = YES;
				CLANG_WARN_DIRECT_OBJC_ISA_USAGE = YES_ERROR;
				CLANG_WARN_EMPTY_BODY = YES;
				CLANG_WARN_ENUM_CONVERSION = YES;
				CLANG_WARN_INT_CONVERSION = YES;
				CLANG_WARN_OBJC_ROOT_CLASS = YES_ERROR;
				CLANG_WARN_UNREACHABLE_CODE = YES;
				CLANG_WARN__DUPLICATE_METHOD_MATCH = YES;
				"CODE_SIGN_IDENTITY[sdk=iphoneos*]" = "iPhone Developer";
				COPY_PHASE_STRIP = NO;
				ENABLE_STRICT_OBJC_MSGSEND = YES;
				GCC_C_LANGUAGE_STANDARD = gnu99;
				GCC_DYNAMIC_NO_PIC = NO;
				GCC_OPTIMIZATION_LEVEL = 0;
				GCC_PREPROCESSOR_DEFINITIONS = (
					"DEBUG=1",
					"$(inherited)",
				);
				GCC_SYMBOLS_PRIVATE_EXTERN = NO;
				GCC_WARN_64_TO_32_BIT_CONVERSION = YES;
				GCC_WARN_ABOUT_RETURN_TYPE = YES_ERROR;
				GCC_WARN_UNDECLARED_SELECTOR = YES;
				GCC_WARN_UNINITIALIZED_AUTOS = YES_AGGRESSIVE;
				GCC_WARN_UNUSED_FUNCTION = YES;
				GCC_WARN_UNUSED_VARIABLE = YES;
				IPHONEOS_DEPLOYMENT_TARGET = 8.1;
				MTL_ENABLE_DEBUG_INFO = YES;
				ONLY_ACTIVE_ARCH = YES;
				SDKROOT = iphoneos;
				SWIFT_OPTIMIZATION_LEVEL = "-Onone";
			};
			name = Debug;
		};
		2AA874DA1A6C33DD00313F6D /* Release */ = {
			isa = XCBuildConfiguration;
			buildSettings = {
				ALWAYS_SEARCH_USER_PATHS = NO;
				CLANG_CXX_LANGUAGE_STANDARD = "gnu++0x";
				CLANG_CXX_LIBRARY = "libc++";
				CLANG_ENABLE_MODULES = YES;
				CLANG_ENABLE_OBJC_ARC = YES;
				CLANG_WARN_BOOL_CONVERSION = YES;
				CLANG_WARN_CONSTANT_CONVERSION = YES;
				CLANG_WARN_DIRECT_OBJC_ISA_USAGE = YES_ERROR;
				CLANG_WARN_EMPTY_BODY = YES;
				CLANG_WARN_ENUM_CONVERSION = YES;
				CLANG_WARN_INT_CONVERSION = YES;
				CLANG_WARN_OBJC_ROOT_CLASS = YES_ERROR;
				CLANG_WARN_UNREACHABLE_CODE = YES;
				CLANG_WARN__DUPLICATE_METHOD_MATCH = YES;
				"CODE_SIGN_IDENTITY[sdk=iphoneos*]" = "iPhone Developer";
				COPY_PHASE_STRIP = YES;
				ENABLE_NS_ASSERTIONS = NO;
				ENABLE_STRICT_OBJC_MSGSEND = YES;
				GCC_C_LANGUAGE_STANDARD = gnu99;
				GCC_WARN_64_TO_32_BIT_CONVERSION = YES;
				GCC_WARN_ABOUT_RETURN_TYPE = YES_ERROR;
				GCC_WARN_UNDECLARED_SELECTOR = YES;
				GCC_WARN_UNINITIALIZED_AUTOS = YES_AGGRESSIVE;
				GCC_WARN_UNUSED_FUNCTION = YES;
				GCC_WARN_UNUSED_VARIABLE = YES;
				IPHONEOS_DEPLOYMENT_TARGET = 8.1;
				MTL_ENABLE_DEBUG_INFO = NO;
				SDKROOT = iphoneos;
				VALIDATE_PRODUCT = YES;
			};
			name = Release;
		};
		2AA874DC1A6C33DD00313F6D /* Debug */ = {
			isa = XCBuildConfiguration;
			buildSettings = {
				ASSETCATALOG_COMPILER_APPICON_NAME = AppIcon;
				INFOPLIST_FILE = ToDoList/Info.plist;
				LD_RUNPATH_SEARCH_PATHS = "$(inherited) @executable_path/Frameworks";
				PRODUCT_NAME = "$(TARGET_NAME)";
			};
			name = Debug;
		};
		2AA874DD1A6C33DD00313F6D /* Release */ = {
			isa = XCBuildConfiguration;
			buildSettings = {
				ASSETCATALOG_COMPILER_APPICON_NAME = AppIcon;
				INFOPLIST_FILE = ToDoList/Info.plist;
				LD_RUNPATH_SEARCH_PATHS = "$(inherited) @executable_path/Frameworks";
				PRODUCT_NAME = "$(TARGET_NAME)";
			};
			name = Release;
		};
		2AA874DF1A6C33DD00313F6D /* Debug */ = {
			isa = XCBuildConfiguration;
			buildSettings = {
				BUNDLE_LOADER = "$(TEST_HOST)";
				FRAMEWORK_SEARCH_PATHS = (
					"$(SDKROOT)/Developer/Library/Frameworks",
					"$(inherited)",
				);
				GCC_PREPROCESSOR_DEFINITIONS = (
					"DEBUG=1",
					"$(inherited)",
				);
				INFOPLIST_FILE = ToDoListTests/Info.plist;
				LD_RUNPATH_SEARCH_PATHS = "$(inherited) @executable_path/Frameworks @loader_path/Frameworks";
				PRODUCT_NAME = "$(TARGET_NAME)";
				TEST_HOST = "$(BUILT_PRODUCTS_DIR)/ToDoList.app/ToDoList";
			};
			name = Debug;
		};
		2AA874E01A6C33DD00313F6D /* Release */ = {
			isa = XCBuildConfiguration;
			buildSettings = {
				BUNDLE_LOADER = "$(TEST_HOST)";
				FRAMEWORK_SEARCH_PATHS = (
					"$(SDKROOT)/Developer/Library/Frameworks",
					"$(inherited)",
				);
				INFOPLIST_FILE = ToDoListTests/Info.plist;
				LD_RUNPATH_SEARCH_PATHS = "$(inherited) @executable_path/Frameworks @loader_path/Frameworks";
				PRODUCT_NAME = "$(TARGET_NAME)";
				TEST_HOST = "$(BUILT_PRODUCTS_DIR)/ToDoList.app/ToDoList";
			};
			name = Release;
		};
/* End XCBuildConfiguration section */

/* Begin XCConfigurationList section */
		2AA874B71A6C33DD00313F6D /* Build configuration list for PBXProject "ToDoList" */ = {
			isa = XCConfigurationList;
			buildConfigurations = (
				2AA874D91A6C33DD00313F6D /* Debug */,
				2AA874DA1A6C33DD00313F6D /* Release */,
			);
			defaultConfigurationIsVisible = 0;
			defaultConfigurationName = Release;
		};
		2AA874DB1A6C33DD00313F6D /* Build configuration list for PBXNativeTarget "ToDoList" */ = {
			isa = XCConfigurationList;
			buildConfigurations = (
				2AA874DC1A6C33DD00313F6D /* Debug */,
				2AA874DD1A6C33DD00313F6D /* Release */,
			);
			defaultConfigurationIsVisible = 0;
		};
		2AA874DE1A6C33DD00313F6D /* Build configuration list for PBXNativeTarget "ToDoListTests" */ = {
			isa = XCConfigurationList;
			buildConfigurations = (
				2AA874DF1A6C33DD00313F6D /* Debug */,
				2AA874E01A6C33DD00313F6D /* Release */,
			);
			defaultConfigurationIsVisible = 0;
		};
/* End XCConfigurationList section */
	};
	rootObject = 2AA874B41A6C33DD00313F6D /* Project object */;
}
